
Microsoft Visual Studio Solution File, Format Version 12.00
# Visual Studio 2012
Project("{FAE04EC0-301F-11D3-BF4B-00C04F79EFBC}") = "ArticPolar.Dev.URLEncoderDecoder", "ArticPolar.Dev.URLEncoderDecoder\ArticPolar.Dev.URLEncoderDecoder.csproj", "{CF151ACF-1C30-4EF2-9F41-E18B66C1B8D7}"
EndProject
Project("{FAE04EC0-301F-11D3-BF4B-00C04F79EFBC}") = "TestConsole", "TestConsole\TestConsole.csproj", "{5059C286-1A84-4518-A4AB-004B98A0D572}"
EndProject
Global
	GlobalSection(SolutionConfigurationPlatforms) = preSolution
		Debug|Any CPU = Debug|Any CPU
		Release|Any CPU = Release|Any CPU
	EndGlobalSection
	GlobalSection(ProjectConfigurationPlatforms) = postSolution
		{CF151ACF-1C30-4EF2-9F41-E18B66C1B8D7}.Debug|Any CPU.ActiveCfg = Debug|Any CPU
		{CF151ACF-1C30-4EF2-9F41-E18B66C1B8D7}.Debug|Any CPU.Build.0 = Debug|Any CPU
		{CF151ACF-1C30-4EF2-9F41-E18B66C1B8D7}.Release|Any CPU.ActiveCfg = Release|Any CPU
		{CF151ACF-1C30-4EF2-9F41-E18B66C1B8D7}.Release|Any CPU.Build.0 = Release|Any CPU
		{5059C286-1A84-4518-A4AB-004B98A0D572}.Debug|Any CPU.ActiveCfg = Debug|Any CPU
		{5059C286-1A84-4518-A4AB-004B98A0D572}.Debug|Any CPU.Build.0 = Debug|Any CPU
		{5059C286-1A84-4518-A4AB-004B98A0D572}.Release|Any CPU.ActiveCfg = Release|Any CPU
		{5059C286-1A84-4518-A4AB-004B98A0D572}.Release|Any CPU.Build.0 = Release|Any CPU
	EndGlobalSection
	GlobalSection(SolutionProperties) = preSolution
		HideSolutionNode = FALSE
	EndGlobalSection
EndGlobal
